
Microsoft Visual Studio Solution File, Format Version 12.00
# Visual Studio Version 17
VisualStudioVersion = 17.9.34622.214
MinimumVisualStudioVersion = 10.0.40219.1
Project("{FAE04EC0-301F-11D3-BF4B-00C04F79EFBC}") = "VarGlobal", "VarGlobal.csproj", "{59AE6A76-1564-48EB-B951-78F395F17985}"
EndProject
Global
	GlobalSection(SolutionConfigurationPlatforms) = preSolution
		Debug|Any CPU = Debug|Any CPU
		Release|Any CPU = Release|Any CPU
	EndGlobalSection
	GlobalSection(ProjectConfigurationPlatforms) = postSolution
		{59AE6A76-1564-48EB-B951-78F395F17985}.Debug|Any CPU.ActiveCfg = Debug|Any CPU
		{59AE6A76-1564-48EB-B951-78F395F17985}.Debug|Any CPU.Build.0 = Debug|Any CPU
		{59AE6A76-1564-48EB-B951-78F395F17985}.Release|Any CPU.ActiveCfg = Release|Any CPU
		{59AE6A76-1564-48EB-B951-78F395F17985}.Release|Any CPU.Build.0 = Release|Any CPU
	EndGlobalSection
	GlobalSection(SolutionProperties) = preSolution
		HideSolutionNode = FALSE
	EndGlobalSection
	GlobalSection(ExtensibilityGlobals) = postSolution
		SolutionGuid = {EC8FD3AE-0274-4DDB-99B7-7958B6DBCFB8}
	EndGlobalSection
EndGlobal
